
Microsoft Visual Studio Solution File, Format Version 12.00
# Visual Studio 14
VisualStudioVersion = 14.0.25420.1
MinimumVisualStudioVersion = 10.0.40219.1
Project("{8BC9CEB8-8B4A-11D0-8D11-00A0C91BC942}") = "HeapSort", "HeapSort\HeapSort.vcxproj", "{5CAE9A83-4048-4879-A311-A97FD553BF3A}"
EndProject
Project("{8BC9CEB8-8B4A-11D0-8D11-00A0C91BC942}") = "KendallTau", "KendallTau\KendallTau.vcxproj", "{54A81BEF-043A-47A9-B67B-F5389F6EAD9B}"
EndProject
Project("{8BC9CEB8-8B4A-11D0-8D11-00A0C91BC942}") = "MergeSort", "MergeSort\MergeSort.vcxproj", "{5DD599BA-15B5-4C2D-999E-3ACB24EE1DC4}"
EndProject
Project("{8BC9CEB8-8B4A-11D0-8D11-00A0C91BC942}") = "StableHeapSort", "StableHeapSort\StableHeapSort.vcxproj", "{D88E86DE-CD89-44B9-8A74-39E9F0F330AE}"
EndProject
Project("{8BC9CEB8-8B4A-11D0-8D11-00A0C91BC942}") = "MultiSort", "MultiSort\MultiSort.vcxproj", "{A18C2490-5047-4E73-A7B3-53EEA2A97B93}"
EndProject
Project("{2150E333-8FDC-42A3-9474-1A3956D46DE8}") = "DataStructure", "DataStructure", "{FC727FAC-4114-4849-81C4-2A1633581716}"
EndProject
Project("{8BC9CEB8-8B4A-11D0-8D11-00A0C91BC942}") = "MatrixUDG", "MatrixUDG\MatrixUDG.vcxproj", "{8921E15C-A59A-4894-9944-360A13F07EDE}"
EndProject
Project("{8BC9CEB8-8B4A-11D0-8D11-00A0C91BC942}") = "MatrixDG", "MatrixDG\MatrixDG.vcxproj", "{2C5CDA30-B074-487D-A489-0DF2385B3B3B}"
EndProject
Project("{8BC9CEB8-8B4A-11D0-8D11-00A0C91BC942}") = "ListUDG", "ListUDG\ListUDG.vcxproj", "{580ED911-38D0-4EED-B9AD-6C462B5538C3}"
EndProject
Project("{2150E333-8FDC-42A3-9474-1A3956D46DE8}") = "leetcode", "leetcode", "{26BA2B14-B18E-43DF-BBA1-257DA237E29E}"
EndProject
Project("{8BC9CEB8-8B4A-11D0-8D11-00A0C91BC942}") = "1_TwoSum", "1_TwoSum\1_TwoSum.vcxproj", "{754DF18E-DD50-4EBA-9B77-9C5A6228B914}"
EndProject
Project("{8BC9CEB8-8B4A-11D0-8D11-00A0C91BC942}") = "215_KthLargestElementInAry", "215_KthLargestElementInAry\215_KthLargestElementInAry.vcxproj", "{CCAAE043-CAE3-4F4C-8B8B-B09A391B5078}"
EndProject
Project("{8BC9CEB8-8B4A-11D0-8D11-00A0C91BC942}") = "3_longestSubStrWithoutRepeatCharacters", "3_longestSubStrWithoutRepeatCharacters\3_longestSubStrWithoutRepeatCharacters.vcxproj", "{1CE85327-7E73-4ABC-879B-5B33B4A92B1F}"
EndProject
Project("{8BC9CEB8-8B4A-11D0-8D11-00A0C91BC942}") = "4_MedianOfTwoSortedArrays", "4_MedianOfTwoSortedArrays\4_MedianOfTwoSortedArrays.vcxproj", "{656D027E-D124-48B4-AAC6-CF8989043465}"
EndProject
Project("{8BC9CEB8-8B4A-11D0-8D11-00A0C91BC942}") = "5_LongestPalindromicSubstring", "5_LongestPalindromicSubstring\5_LongestPalindromicSubstring.vcxproj", "{82F255CE-75BF-47A7-95A1-6E5772D5CDBE}"
EndProject
Project("{8BC9CEB8-8B4A-11D0-8D11-00A0C91BC942}") = "6_ZigZagConversion", "6_ZigZagConversion\6_ZigZagConversion.vcxproj", "{0CBF932C-B6C0-4198-9C29-E313A6BC515F}"
EndProject
Project("{8BC9CEB8-8B4A-11D0-8D11-00A0C91BC942}") = "BigNumSubstract", "BigNumSubstract\BigNumSubstract.vcxproj", "{142690A2-8124-4A79-80D5-0C3178CBBABB}"
EndProject
Project("{8BC9CEB8-8B4A-11D0-8D11-00A0C91BC942}") = "BigNumMultiply", "BigNumMultiply\BigNumMultiply.vcxproj", "{FA012FE3-A2EA-4BCD-BC5E-1658D28E81CA}"
EndProject
Project("{8BC9CEB8-8B4A-11D0-8D11-00A0C91BC942}") = "7_ReverseInteger", "7_ReverseInteger\7_ReverseInteger.vcxproj", "{849859B2-130F-416B-BF43-23FDD81FB58F}"
EndProject
Project("{8BC9CEB8-8B4A-11D0-8D11-00A0C91BC942}") = "10_RegularExpressionMatching", "10_RegularExpressionMatching\10_RegularExpressionMatching.vcxproj", "{669A9B34-3E94-46A7-BCC0-6BFA48B474AA}"
EndProject
Project("{8BC9CEB8-8B4A-11D0-8D11-00A0C91BC942}") = "13_RomanToInteger", "13_RomanToInteger\13_RomanToInteger.vcxproj", "{7E3B4115-26F2-44EB-AF7A-A03C02A9172C}"
EndProject
Project("{8BC9CEB8-8B4A-11D0-8D11-00A0C91BC942}") = "14_LongestCommonPrefix", "14_LongestCommonPrefix\14_LongestCommonPrefix.vcxproj", "{78B3ACF7-3F7B-4DDE-9085-62E3562D528F}"
EndProject
Project("{8BC9CEB8-8B4A-11D0-8D11-00A0C91BC942}") = "17_LetterCombinationsOfPhonNumber", "17_LetterCombinationsOfPhonNumber\17_LetterCombinationsOfPhonNumber.vcxproj", "{3865E7D9-F576-4431-A44D-9820ECDC0322}"
EndProject
Project("{8BC9CEB8-8B4A-11D0-8D11-00A0C91BC942}") = "26_RemoveDuplicatesFromSortedAry", "26_RemoveDuplicatesFromSortedAry\26_RemoveDuplicatesFromSortedAry.vcxproj", "{5731B4C8-69E1-40C9-B126-935F51E2FB2A}"
EndProject
Project("{8BC9CEB8-8B4A-11D0-8D11-00A0C91BC942}") = "28_implement_strStr", "28_implement_strStr\28_implement_strStr.vcxproj", "{DEB1DBC2-D8BD-4ED1-BE39-BE0362B0484C}"
EndProject
Project("{8BC9CEB8-8B4A-11D0-8D11-00A0C91BC942}") = "15_3Sum", "15_3Sum\15_3Sum.vcxproj", "{77AE7F7D-F686-429E-B85E-78BFD63A4AEF}"
EndProject
Project("{8BC9CEB8-8B4A-11D0-8D11-00A0C91BC942}") = "19_RemoveNthNodeFromEndOfList", "19_RemoveNthNodeFromEndOfList\19_RemoveNthNodeFromEndOfList.vcxproj", "{1E33B37B-36D0-4224-8760-280673BBCE4B}"
EndProject
Project("{8BC9CEB8-8B4A-11D0-8D11-00A0C91BC942}") = "20_ValidParentheses", "20_ValidParentheses\20_ValidParentheses.vcxproj", "{028839D0-1A38-4CA1-9F7D-C3975098828F}"
EndProject
Project("{8BC9CEB8-8B4A-11D0-8D11-00A0C91BC942}") = "22_GenerateParentheses", "22_GenerateParentheses\22_GenerateParentheses.vcxproj", "{6302419C-6545-4C8A-A971-2306644EEECD}"
EndProject
Global
	GlobalSection(SolutionConfigurationPlatforms) = preSolution
		Debug|x64 = Debug|x64
		Debug|x86 = Debug|x86
		Release|x64 = Release|x64
		Release|x86 = Release|x86
	EndGlobalSection
	GlobalSection(ProjectConfigurationPlatforms) = postSolution
		{5CAE9A83-4048-4879-A311-A97FD553BF3A}.Debug|x64.ActiveCfg = Debug|x64
		{5CAE9A83-4048-4879-A311-A97FD553BF3A}.Debug|x64.Build.0 = Debug|x64
		{5CAE9A83-4048-4879-A311-A97FD553BF3A}.Debug|x86.ActiveCfg = Debug|Win32
		{5CAE9A83-4048-4879-A311-A97FD553BF3A}.Debug|x86.Build.0 = Debug|Win32
		{5CAE9A83-4048-4879-A311-A97FD553BF3A}.Release|x64.ActiveCfg = Release|x64
		{5CAE9A83-4048-4879-A311-A97FD553BF3A}.Release|x64.Build.0 = Release|x64
		{5CAE9A83-4048-4879-A311-A97FD553BF3A}.Release|x86.ActiveCfg = Release|Win32
		{5CAE9A83-4048-4879-A311-A97FD553BF3A}.Release|x86.Build.0 = Release|Win32
		{54A81BEF-043A-47A9-B67B-F5389F6EAD9B}.Debug|x64.ActiveCfg = Debug|x64
		{54A81BEF-043A-47A9-B67B-F5389F6EAD9B}.Debug|x64.Build.0 = Debug|x64
		{54A81BEF-043A-47A9-B67B-F5389F6EAD9B}.Debug|x86.ActiveCfg = Debug|Win32
		{54A81BEF-043A-47A9-B67B-F5389F6EAD9B}.Debug|x86.Build.0 = Debug|Win32
		{54A81BEF-043A-47A9-B67B-F5389F6EAD9B}.Release|x64.ActiveCfg = Release|x64
		{54A81BEF-043A-47A9-B67B-F5389F6EAD9B}.Release|x64.Build.0 = Release|x64
		{54A81BEF-043A-47A9-B67B-F5389F6EAD9B}.Release|x86.ActiveCfg = Release|Win32
		{54A81BEF-043A-47A9-B67B-F5389F6EAD9B}.Release|x86.Build.0 = Release|Win32
		{5DD599BA-15B5-4C2D-999E-3ACB24EE1DC4}.Debug|x64.ActiveCfg = Debug|x64
		{5DD599BA-15B5-4C2D-999E-3ACB24EE1DC4}.Debug|x64.Build.0 = Debug|x64
		{5DD599BA-15B5-4C2D-999E-3ACB24EE1DC4}.Debug|x86.ActiveCfg = Debug|Win32
		{5DD599BA-15B5-4C2D-999E-3ACB24EE1DC4}.Debug|x86.Build.0 = Debug|Win32
		{5DD599BA-15B5-4C2D-999E-3ACB24EE1DC4}.Release|x64.ActiveCfg = Release|x64
		{5DD599BA-15B5-4C2D-999E-3ACB24EE1DC4}.Release|x64.Build.0 = Release|x64
		{5DD599BA-15B5-4C2D-999E-3ACB24EE1DC4}.Release|x86.ActiveCfg = Release|Win32
		{5DD599BA-15B5-4C2D-999E-3ACB24EE1DC4}.Release|x86.Build.0 = Release|Win32
		{D88E86DE-CD89-44B9-8A74-39E9F0F330AE}.Debug|x64.ActiveCfg = Debug|x64
		{D88E86DE-CD89-44B9-8A74-39E9F0F330AE}.Debug|x64.Build.0 = Debug|x64
		{D88E86DE-CD89-44B9-8A74-39E9F0F330AE}.Debug|x86.ActiveCfg = Debug|Win32
		{D88E86DE-CD89-44B9-8A74-39E9F0F330AE}.Debug|x86.Build.0 = Debug|Win32
		{D88E86DE-CD89-44B9-8A74-39E9F0F330AE}.Release|x64.ActiveCfg = Release|x64
		{D88E86DE-CD89-44B9-8A74-39E9F0F330AE}.Release|x64.Build.0 = Release|x64
		{D88E86DE-CD89-44B9-8A74-39E9F0F330AE}.Release|x86.ActiveCfg = Release|Win32
		{D88E86DE-CD89-44B9-8A74-39E9F0F330AE}.Release|x86.Build.0 = Release|Win32
		{A18C2490-5047-4E73-A7B3-53EEA2A97B93}.Debug|x64.ActiveCfg = Debug|x64
		{A18C2490-5047-4E73-A7B3-53EEA2A97B93}.Debug|x64.Build.0 = Debug|x64
		{A18C2490-5047-4E73-A7B3-53EEA2A97B93}.Debug|x86.ActiveCfg = Debug|Win32
		{A18C2490-5047-4E73-A7B3-53EEA2A97B93}.Debug|x86.Build.0 = Debug|Win32
		{A18C2490-5047-4E73-A7B3-53EEA2A97B93}.Release|x64.ActiveCfg = Release|x64
		{A18C2490-5047-4E73-A7B3-53EEA2A97B93}.Release|x64.Build.0 = Release|x64
		{A18C2490-5047-4E73-A7B3-53EEA2A97B93}.Release|x86.ActiveCfg = Release|Win32
		{A18C2490-5047-4E73-A7B3-53EEA2A97B93}.Release|x86.Build.0 = Release|Win32
		{8921E15C-A59A-4894-9944-360A13F07EDE}.Debug|x64.ActiveCfg = Debug|x64
		{8921E15C-A59A-4894-9944-360A13F07EDE}.Debug|x64.Build.0 = Debug|x64
		{8921E15C-A59A-4894-9944-360A13F07EDE}.Debug|x86.ActiveCfg = Debug|Win32
		{8921E15C-A59A-4894-9944-360A13F07EDE}.Debug|x86.Build.0 = Debug|Win32
		{8921E15C-A59A-4894-9944-360A13F07EDE}.Release|x64.ActiveCfg = Release|x64
		{8921E15C-A59A-4894-9944-360A13F07EDE}.Release|x64.Build.0 = Release|x64
		{8921E15C-A59A-4894-9944-360A13F07EDE}.Release|x86.ActiveCfg = Release|Win32
		{8921E15C-A59A-4894-9944-360A13F07EDE}.Release|x86.Build.0 = Release|Win32
		{2C5CDA30-B074-487D-A489-0DF2385B3B3B}.Debug|x64.ActiveCfg = Debug|x64
		{2C5CDA30-B074-487D-A489-0DF2385B3B3B}.Debug|x64.Build.0 = Debug|x64
		{2C5CDA30-B074-487D-A489-0DF2385B3B3B}.Debug|x86.ActiveCfg = Debug|Win32
		{2C5CDA30-B074-487D-A489-0DF2385B3B3B}.Debug|x86.Build.0 = Debug|Win32
		{2C5CDA30-B074-487D-A489-0DF2385B3B3B}.Release|x64.ActiveCfg = Release|x64
		{2C5CDA30-B074-487D-A489-0DF2385B3B3B}.Release|x64.Build.0 = Release|x64
		{2C5CDA30-B074-487D-A489-0DF2385B3B3B}.Release|x86.ActiveCfg = Release|Win32
		{2C5CDA30-B074-487D-A489-0DF2385B3B3B}.Release|x86.Build.0 = Release|Win32
		{580ED911-38D0-4EED-B9AD-6C462B5538C3}.Debug|x64.ActiveCfg = Debug|x64
		{580ED911-38D0-4EED-B9AD-6C462B5538C3}.Debug|x64.Build.0 = Debug|x64
		{580ED911-38D0-4EED-B9AD-6C462B5538C3}.Debug|x86.ActiveCfg = Debug|Win32
		{580ED911-38D0-4EED-B9AD-6C462B5538C3}.Debug|x86.Build.0 = Debug|Win32
		{580ED911-38D0-4EED-B9AD-6C462B5538C3}.Release|x64.ActiveCfg = Release|x64
		{580ED911-38D0-4EED-B9AD-6C462B5538C3}.Release|x64.Build.0 = Release|x64
		{580ED911-38D0-4EED-B9AD-6C462B5538C3}.Release|x86.ActiveCfg = Release|Win32
		{580ED911-38D0-4EED-B9AD-6C462B5538C3}.Release|x86.Build.0 = Release|Win32
		{754DF18E-DD50-4EBA-9B77-9C5A6228B914}.Debug|x64.ActiveCfg = Debug|x64
		{754DF18E-DD50-4EBA-9B77-9C5A6228B914}.Debug|x64.Build.0 = Debug|x64
		{754DF18E-DD50-4EBA-9B77-9C5A6228B914}.Debug|x86.ActiveCfg = Debug|Win32
		{754DF18E-DD50-4EBA-9B77-9C5A6228B914}.Debug|x86.Build.0 = Debug|Win32
		{754DF18E-DD50-4EBA-9B77-9C5A6228B914}.Release|x64.ActiveCfg = Release|x64
		{754DF18E-DD50-4EBA-9B77-9C5A6228B914}.Release|x64.Build.0 = Release|x64
		{754DF18E-DD50-4EBA-9B77-9C5A6228B914}.Release|x86.ActiveCfg = Release|Win32
		{754DF18E-DD50-4EBA-9B77-9C5A6228B914}.Release|x86.Build.0 = Release|Win32
		{CCAAE043-CAE3-4F4C-8B8B-B09A391B5078}.Debug|x64.ActiveCfg = Debug|x64
		{CCAAE043-CAE3-4F4C-8B8B-B09A391B5078}.Debug|x64.Build.0 = Debug|x64
		{CCAAE043-CAE3-4F4C-8B8B-B09A391B5078}.Debug|x86.ActiveCfg = Debug|Win32
		{CCAAE043-CAE3-4F4C-8B8B-B09A391B5078}.Debug|x86.Build.0 = Debug|Win32
		{CCAAE043-CAE3-4F4C-8B8B-B09A391B5078}.Release|x64.ActiveCfg = Release|x64
		{CCAAE043-CAE3-4F4C-8B8B-B09A391B5078}.Release|x64.Build.0 = Release|x64
		{CCAAE043-CAE3-4F4C-8B8B-B09A391B5078}.Release|x86.ActiveCfg = Release|Win32
		{CCAAE043-CAE3-4F4C-8B8B-B09A391B5078}.Release|x86.Build.0 = Release|Win32
		{1CE85327-7E73-4ABC-879B-5B33B4A92B1F}.Debug|x64.ActiveCfg = Debug|x64
		{1CE85327-7E73-4ABC-879B-5B33B4A92B1F}.Debug|x64.Build.0 = Debug|x64
		{1CE85327-7E73-4ABC-879B-5B33B4A92B1F}.Debug|x86.ActiveCfg = Debug|Win32
		{1CE85327-7E73-4ABC-879B-5B33B4A92B1F}.Debug|x86.Build.0 = Debug|Win32
		{1CE85327-7E73-4ABC-879B-5B33B4A92B1F}.Release|x64.ActiveCfg = Release|x64
		{1CE85327-7E73-4ABC-879B-5B33B4A92B1F}.Release|x64.Build.0 = Release|x64
		{1CE85327-7E73-4ABC-879B-5B33B4A92B1F}.Release|x86.ActiveCfg = Release|Win32
		{1CE85327-7E73-4ABC-879B-5B33B4A92B1F}.Release|x86.Build.0 = Release|Win32
		{656D027E-D124-48B4-AAC6-CF8989043465}.Debug|x64.ActiveCfg = Debug|x64
		{656D027E-D124-48B4-AAC6-CF8989043465}.Debug|x64.Build.0 = Debug|x64
		{656D027E-D124-48B4-AAC6-CF8989043465}.Debug|x86.ActiveCfg = Debug|Win32
		{656D027E-D124-48B4-AAC6-CF8989043465}.Debug|x86.Build.0 = Debug|Win32
		{656D027E-D124-48B4-AAC6-CF8989043465}.Release|x64.ActiveCfg = Release|x64
		{656D027E-D124-48B4-AAC6-CF8989043465}.Release|x64.Build.0 = Release|x64
		{656D027E-D124-48B4-AAC6-CF8989043465}.Release|x86.ActiveCfg = Release|Win32
		{656D027E-D124-48B4-AAC6-CF8989043465}.Release|x86.Build.0 = Release|Win32
		{82F255CE-75BF-47A7-95A1-6E5772D5CDBE}.Debug|x64.ActiveCfg = Debug|x64
		{82F255CE-75BF-47A7-95A1-6E5772D5CDBE}.Debug|x64.Build.0 = Debug|x64
		{82F255CE-75BF-47A7-95A1-6E5772D5CDBE}.Debug|x86.ActiveCfg = Debug|Win32
		{82F255CE-75BF-47A7-95A1-6E5772D5CDBE}.Debug|x86.Build.0 = Debug|Win32
		{82F255CE-75BF-47A7-95A1-6E5772D5CDBE}.Release|x64.ActiveCfg = Release|x64
		{82F255CE-75BF-47A7-95A1-6E5772D5CDBE}.Release|x64.Build.0 = Release|x64
		{82F255CE-75BF-47A7-95A1-6E5772D5CDBE}.Release|x86.ActiveCfg = Release|Win32
		{82F255CE-75BF-47A7-95A1-6E5772D5CDBE}.Release|x86.Build.0 = Release|Win32
		{0CBF932C-B6C0-4198-9C29-E313A6BC515F}.Debug|x64.ActiveCfg = Debug|x64
		{0CBF932C-B6C0-4198-9C29-E313A6BC515F}.Debug|x64.Build.0 = Debug|x64
		{0CBF932C-B6C0-4198-9C29-E313A6BC515F}.Debug|x86.ActiveCfg = Debug|Win32
		{0CBF932C-B6C0-4198-9C29-E313A6BC515F}.Debug|x86.Build.0 = Debug|Win32
		{0CBF932C-B6C0-4198-9C29-E313A6BC515F}.Release|x64.ActiveCfg = Release|x64
		{0CBF932C-B6C0-4198-9C29-E313A6BC515F}.Release|x64.Build.0 = Release|x64
		{0CBF932C-B6C0-4198-9C29-E313A6BC515F}.Release|x86.ActiveCfg = Release|Win32
		{0CBF932C-B6C0-4198-9C29-E313A6BC515F}.Release|x86.Build.0 = Release|Win32
		{142690A2-8124-4A79-80D5-0C3178CBBABB}.Debug|x64.ActiveCfg = Debug|x64
		{142690A2-8124-4A79-80D5-0C3178CBBABB}.Debug|x64.Build.0 = Debug|x64
		{142690A2-8124-4A79-80D5-0C3178CBBABB}.Debug|x86.ActiveCfg = Debug|Win32
		{142690A2-8124-4A79-80D5-0C3178CBBABB}.Debug|x86.Build.0 = Debug|Win32
		{142690A2-8124-4A79-80D5-0C3178CBBABB}.Release|x64.ActiveCfg = Release|x64
		{142690A2-8124-4A79-80D5-0C3178CBBABB}.Release|x64.Build.0 = Release|x64
		{142690A2-8124-4A79-80D5-0C3178CBBABB}.Release|x86.ActiveCfg = Release|Win32
		{142690A2-8124-4A79-80D5-0C3178CBBABB}.Release|x86.Build.0 = Release|Win32
		{FA012FE3-A2EA-4BCD-BC5E-1658D28E81CA}.Debug|x64.ActiveCfg = Debug|x64
		{FA012FE3-A2EA-4BCD-BC5E-1658D28E81CA}.Debug|x64.Build.0 = Debug|x64
		{FA012FE3-A2EA-4BCD-BC5E-1658D28E81CA}.Debug|x86.ActiveCfg = Debug|Win32
		{FA012FE3-A2EA-4BCD-BC5E-1658D28E81CA}.Debug|x86.Build.0 = Debug|Win32
		{FA012FE3-A2EA-4BCD-BC5E-1658D28E81CA}.Release|x64.ActiveCfg = Release|x64
		{FA012FE3-A2EA-4BCD-BC5E-1658D28E81CA}.Release|x64.Build.0 = Release|x64
		{FA012FE3-A2EA-4BCD-BC5E-1658D28E81CA}.Release|x86.ActiveCfg = Release|Win32
		{FA012FE3-A2EA-4BCD-BC5E-1658D28E81CA}.Release|x86.Build.0 = Release|Win32
		{849859B2-130F-416B-BF43-23FDD81FB58F}.Debug|x64.ActiveCfg = Debug|x64
		{849859B2-130F-416B-BF43-23FDD81FB58F}.Debug|x64.Build.0 = Debug|x64
		{849859B2-130F-416B-BF43-23FDD81FB58F}.Debug|x86.ActiveCfg = Debug|Win32
		{849859B2-130F-416B-BF43-23FDD81FB58F}.Debug|x86.Build.0 = Debug|Win32
		{849859B2-130F-416B-BF43-23FDD81FB58F}.Release|x64.ActiveCfg = Release|x64
		{849859B2-130F-416B-BF43-23FDD81FB58F}.Release|x64.Build.0 = Release|x64
		{849859B2-130F-416B-BF43-23FDD81FB58F}.Release|x86.ActiveCfg = Release|Win32
		{849859B2-130F-416B-BF43-23FDD81FB58F}.Release|x86.Build.0 = Release|Win32
		{669A9B34-3E94-46A7-BCC0-6BFA48B474AA}.Debug|x64.ActiveCfg = Debug|x64
		{669A9B34-3E94-46A7-BCC0-6BFA48B474AA}.Debug|x64.Build.0 = Debug|x64
		{669A9B34-3E94-46A7-BCC0-6BFA48B474AA}.Debug|x86.ActiveCfg = Debug|Win32
		{669A9B34-3E94-46A7-BCC0-6BFA48B474AA}.Debug|x86.Build.0 = Debug|Win32
		{669A9B34-3E94-46A7-BCC0-6BFA48B474AA}.Release|x64.ActiveCfg = Release|x64
		{669A9B34-3E94-46A7-BCC0-6BFA48B474AA}.Release|x64.Build.0 = Release|x64
		{669A9B34-3E94-46A7-BCC0-6BFA48B474AA}.Release|x86.ActiveCfg = Release|Win32
		{669A9B34-3E94-46A7-BCC0-6BFA48B474AA}.Release|x86.Build.0 = Release|Win32
		{7E3B4115-26F2-44EB-AF7A-A03C02A9172C}.Debug|x64.ActiveCfg = Debug|x64
		{7E3B4115-26F2-44EB-AF7A-A03C02A9172C}.Debug|x64.Build.0 = Debug|x64
		{7E3B4115-26F2-44EB-AF7A-A03C02A9172C}.Debug|x86.ActiveCfg = Debug|Win32
		{7E3B4115-26F2-44EB-AF7A-A03C02A9172C}.Debug|x86.Build.0 = Debug|Win32
		{7E3B4115-26F2-44EB-AF7A-A03C02A9172C}.Release|x64.ActiveCfg = Release|x64
		{7E3B4115-26F2-44EB-AF7A-A03C02A9172C}.Release|x64.Build.0 = Release|x64
		{7E3B4115-26F2-44EB-AF7A-A03C02A9172C}.Release|x86.ActiveCfg = Release|Win32
		{7E3B4115-26F2-44EB-AF7A-A03C02A9172C}.Release|x86.Build.0 = Release|Win32
		{78B3ACF7-3F7B-4DDE-9085-62E3562D528F}.Debug|x64.ActiveCfg = Debug|x64
		{78B3ACF7-3F7B-4DDE-9085-62E3562D528F}.Debug|x64.Build.0 = Debug|x64
		{78B3ACF7-3F7B-4DDE-9085-62E3562D528F}.Debug|x86.ActiveCfg = Debug|Win32
		{78B3ACF7-3F7B-4DDE-9085-62E3562D528F}.Debug|x86.Build.0 = Debug|Win32
		{78B3ACF7-3F7B-4DDE-9085-62E3562D528F}.Release|x64.ActiveCfg = Release|x64
		{78B3ACF7-3F7B-4DDE-9085-62E3562D528F}.Release|x64.Build.0 = Release|x64
		{78B3ACF7-3F7B-4DDE-9085-62E3562D528F}.Release|x86.ActiveCfg = Release|Win32
		{78B3ACF7-3F7B-4DDE-9085-62E3562D528F}.Release|x86.Build.0 = Release|Win32
		{3865E7D9-F576-4431-A44D-9820ECDC0322}.Debug|x64.ActiveCfg = Debug|x64
		{3865E7D9-F576-4431-A44D-9820ECDC0322}.Debug|x64.Build.0 = Debug|x64
		{3865E7D9-F576-4431-A44D-9820ECDC0322}.Debug|x86.ActiveCfg = Debug|Win32
		{3865E7D9-F576-4431-A44D-9820ECDC0322}.Debug|x86.Build.0 = Debug|Win32
		{3865E7D9-F576-4431-A44D-9820ECDC0322}.Release|x64.ActiveCfg = Release|x64
		{3865E7D9-F576-4431-A44D-9820ECDC0322}.Release|x64.Build.0 = Release|x64
		{3865E7D9-F576-4431-A44D-9820ECDC0322}.Release|x86.ActiveCfg = Release|Win32
		{3865E7D9-F576-4431-A44D-9820ECDC0322}.Release|x86.Build.0 = Release|Win32
		{5731B4C8-69E1-40C9-B126-935F51E2FB2A}.Debug|x64.ActiveCfg = Debug|x64
		{5731B4C8-69E1-40C9-B126-935F51E2FB2A}.Debug|x64.Build.0 = Debug|x64
		{5731B4C8-69E1-40C9-B126-935F51E2FB2A}.Debug|x86.ActiveCfg = Debug|Win32
		{5731B4C8-69E1-40C9-B126-935F51E2FB2A}.Debug|x86.Build.0 = Debug|Win32
		{5731B4C8-69E1-40C9-B126-935F51E2FB2A}.Release|x64.ActiveCfg = Release|x64
		{5731B4C8-69E1-40C9-B126-935F51E2FB2A}.Release|x64.Build.0 = Release|x64
		{5731B4C8-69E1-40C9-B126-935F51E2FB2A}.Release|x86.ActiveCfg = Release|Win32
		{5731B4C8-69E1-40C9-B126-935F51E2FB2A}.Release|x86.Build.0 = Release|Win32
		{DEB1DBC2-D8BD-4ED1-BE39-BE0362B0484C}.Debug|x64.ActiveCfg = Debug|x64
		{DEB1DBC2-D8BD-4ED1-BE39-BE0362B0484C}.Debug|x64.Build.0 = Debug|x64
		{DEB1DBC2-D8BD-4ED1-BE39-BE0362B0484C}.Debug|x86.ActiveCfg = Debug|Win32
		{DEB1DBC2-D8BD-4ED1-BE39-BE0362B0484C}.Debug|x86.Build.0 = Debug|Win32
		{DEB1DBC2-D8BD-4ED1-BE39-BE0362B0484C}.Release|x64.ActiveCfg = Release|x64
		{DEB1DBC2-D8BD-4ED1-BE39-BE0362B0484C}.Release|x64.Build.0 = Release|x64
		{DEB1DBC2-D8BD-4ED1-BE39-BE0362B0484C}.Release|x86.ActiveCfg = Release|Win32
		{DEB1DBC2-D8BD-4ED1-BE39-BE0362B0484C}.Release|x86.Build.0 = Release|Win32
		{77AE7F7D-F686-429E-B85E-78BFD63A4AEF}.Debug|x64.ActiveCfg = Debug|x64
		{77AE7F7D-F686-429E-B85E-78BFD63A4AEF}.Debug|x64.Build.0 = Debug|x64
		{77AE7F7D-F686-429E-B85E-78BFD63A4AEF}.Debug|x86.ActiveCfg = Debug|Win32
		{77AE7F7D-F686-429E-B85E-78BFD63A4AEF}.Debug|x86.Build.0 = Debug|Win32
		{77AE7F7D-F686-429E-B85E-78BFD63A4AEF}.Release|x64.ActiveCfg = Release|x64
		{77AE7F7D-F686-429E-B85E-78BFD63A4AEF}.Release|x64.Build.0 = Release|x64
		{77AE7F7D-F686-429E-B85E-78BFD63A4AEF}.Release|x86.ActiveCfg = Release|Win32
		{77AE7F7D-F686-429E-B85E-78BFD63A4AEF}.Release|x86.Build.0 = Release|Win32
		{1E33B37B-36D0-4224-8760-280673BBCE4B}.Debug|x64.ActiveCfg = Debug|x64
		{1E33B37B-36D0-4224-8760-280673BBCE4B}.Debug|x64.Build.0 = Debug|x64
		{1E33B37B-36D0-4224-8760-280673BBCE4B}.Debug|x86.ActiveCfg = Debug|Win32
		{1E33B37B-36D0-4224-8760-280673BBCE4B}.Debug|x86.Build.0 = Debug|Win32
		{1E33B37B-36D0-4224-8760-280673BBCE4B}.Release|x64.ActiveCfg = Release|x64
		{1E33B37B-36D0-4224-8760-280673BBCE4B}.Release|x64.Build.0 = Release|x64
		{1E33B37B-36D0-4224-8760-280673BBCE4B}.Release|x86.ActiveCfg = Release|Win32
		{1E33B37B-36D0-4224-8760-280673BBCE4B}.Release|x86.Build.0 = Release|Win32
		{028839D0-1A38-4CA1-9F7D-C3975098828F}.Debug|x64.ActiveCfg = Debug|x64
		{028839D0-1A38-4CA1-9F7D-C3975098828F}.Debug|x64.Build.0 = Debug|x64
		{028839D0-1A38-4CA1-9F7D-C3975098828F}.Debug|x86.ActiveCfg = Debug|Win32
		{028839D0-1A38-4CA1-9F7D-C3975098828F}.Debug|x86.Build.0 = Debug|Win32
		{028839D0-1A38-4CA1-9F7D-C3975098828F}.Release|x64.ActiveCfg = Release|x64
		{028839D0-1A38-4CA1-9F7D-C3975098828F}.Release|x64.Build.0 = Release|x64
		{028839D0-1A38-4CA1-9F7D-C3975098828F}.Release|x86.ActiveCfg = Release|Win32
		{028839D0-1A38-4CA1-9F7D-C3975098828F}.Release|x86.Build.0 = Release|Win32
		{6302419C-6545-4C8A-A971-2306644EEECD}.Debug|x64.ActiveCfg = Debug|x64
		{6302419C-6545-4C8A-A971-2306644EEECD}.Debug|x64.Build.0 = Debug|x64
		{6302419C-6545-4C8A-A971-2306644EEECD}.Debug|x86.ActiveCfg = Debug|Win32
		{6302419C-6545-4C8A-A971-2306644EEECD}.Debug|x86.Build.0 = Debug|Win32
		{6302419C-6545-4C8A-A971-2306644EEECD}.Release|x64.ActiveCfg = Release|x64
		{6302419C-6545-4C8A-A971-2306644EEECD}.Release|x64.Build.0 = Release|x64
		{6302419C-6545-4C8A-A971-2306644EEECD}.Release|x86.ActiveCfg = Release|Win32
		{6302419C-6545-4C8A-A971-2306644EEECD}.Release|x86.Build.0 = Release|Win32
	EndGlobalSection
	GlobalSection(SolutionProperties) = preSolution
		HideSolutionNode = FALSE
	EndGlobalSection
	GlobalSection(NestedProjects) = preSolution
		{8921E15C-A59A-4894-9944-360A13F07EDE} = {FC727FAC-4114-4849-81C4-2A1633581716}
		{2C5CDA30-B074-487D-A489-0DF2385B3B3B} = {FC727FAC-4114-4849-81C4-2A1633581716}
		{580ED911-38D0-4EED-B9AD-6C462B5538C3} = {FC727FAC-4114-4849-81C4-2A1633581716}
		{754DF18E-DD50-4EBA-9B77-9C5A6228B914} = {26BA2B14-B18E-43DF-BBA1-257DA237E29E}
		{CCAAE043-CAE3-4F4C-8B8B-B09A391B5078} = {26BA2B14-B18E-43DF-BBA1-257DA237E29E}
		{1CE85327-7E73-4ABC-879B-5B33B4A92B1F} = {26BA2B14-B18E-43DF-BBA1-257DA237E29E}
		{656D027E-D124-48B4-AAC6-CF8989043465} = {26BA2B14-B18E-43DF-BBA1-257DA237E29E}
		{82F255CE-75BF-47A7-95A1-6E5772D5CDBE} = {26BA2B14-B18E-43DF-BBA1-257DA237E29E}
		{0CBF932C-B6C0-4198-9C29-E313A6BC515F} = {26BA2B14-B18E-43DF-BBA1-257DA237E29E}
		{849859B2-130F-416B-BF43-23FDD81FB58F} = {26BA2B14-B18E-43DF-BBA1-257DA237E29E}
		{669A9B34-3E94-46A7-BCC0-6BFA48B474AA} = {26BA2B14-B18E-43DF-BBA1-257DA237E29E}
		{7E3B4115-26F2-44EB-AF7A-A03C02A9172C} = {26BA2B14-B18E-43DF-BBA1-257DA237E29E}
		{78B3ACF7-3F7B-4DDE-9085-62E3562D528F} = {26BA2B14-B18E-43DF-BBA1-257DA237E29E}
		{3865E7D9-F576-4431-A44D-9820ECDC0322} = {26BA2B14-B18E-43DF-BBA1-257DA237E29E}
		{5731B4C8-69E1-40C9-B126-935F51E2FB2A} = {26BA2B14-B18E-43DF-BBA1-257DA237E29E}
		{DEB1DBC2-D8BD-4ED1-BE39-BE0362B0484C} = {26BA2B14-B18E-43DF-BBA1-257DA237E29E}
		{77AE7F7D-F686-429E-B85E-78BFD63A4AEF} = {26BA2B14-B18E-43DF-BBA1-257DA237E29E}
		{1E33B37B-36D0-4224-8760-280673BBCE4B} = {26BA2B14-B18E-43DF-BBA1-257DA237E29E}
		{028839D0-1A38-4CA1-9F7D-C3975098828F} = {26BA2B14-B18E-43DF-BBA1-257DA237E29E}
		{6302419C-6545-4C8A-A971-2306644EEECD} = {26BA2B14-B18E-43DF-BBA1-257DA237E29E}
	EndGlobalSection
EndGlobal
